
Microsoft Visual Studio Solution File, Format Version 12.00
# Visual Studio 14
VisualStudioVersion = 14.0.23107.0
MinimumVisualStudioVersion = 10.0.40219.1
Project("{FAE04EC0-301F-11D3-BF4B-00C04F79EFBC}") = "TryCatch", "TryCatch\TryCatch.csproj", "{D4D9BEA5-D0A8-485C-A564-DD79617FAF02}"
EndProject
Project("{FAE04EC0-301F-11D3-BF4B-00C04F79EFBC}") = "controlR", "controlR\controlR.csproj", "{976949CD-08EF-41C6-99CB-166F73077082}"
EndProject
Project("{FAE04EC0-301F-11D3-BF4B-00C04F79EFBC}") = "menu", "..\..\2do Parcial\Otro mas\menu\menu.csproj", "{21FF93A0-6B30-4237-99D4-38847826D3EC}"
EndProject
Global
	GlobalSection(SolutionConfigurationPlatforms) = preSolution
		Debug|Any CPU = Debug|Any CPU
		Release|Any CPU = Release|Any CPU
	EndGlobalSection
	GlobalSection(ProjectConfigurationPlatforms) = postSolution
		{D4D9BEA5-D0A8-485C-A564-DD79617FAF02}.Debug|Any CPU.ActiveCfg = Debug|Any CPU
		{D4D9BEA5-D0A8-485C-A564-DD79617FAF02}.Debug|Any CPU.Build.0 = Debug|Any CPU
		{D4D9BEA5-D0A8-485C-A564-DD79617FAF02}.Release|Any CPU.ActiveCfg = Release|Any CPU
		{D4D9BEA5-D0A8-485C-A564-DD79617FAF02}.Release|Any CPU.Build.0 = Release|Any CPU
		{976949CD-08EF-41C6-99CB-166F73077082}.Debug|Any CPU.ActiveCfg = Debug|Any CPU
		{976949CD-08EF-41C6-99CB-166F73077082}.Debug|Any CPU.Build.0 = Debug|Any CPU
		{976949CD-08EF-41C6-99CB-166F73077082}.Release|Any CPU.ActiveCfg = Release|Any CPU
		{976949CD-08EF-41C6-99CB-166F73077082}.Release|Any CPU.Build.0 = Release|Any CPU
		{21FF93A0-6B30-4237-99D4-38847826D3EC}.Debug|Any CPU.ActiveCfg = Debug|Any CPU
		{21FF93A0-6B30-4237-99D4-38847826D3EC}.Debug|Any CPU.Build.0 = Debug|Any CPU
		{21FF93A0-6B30-4237-99D4-38847826D3EC}.Release|Any CPU.ActiveCfg = Release|Any CPU
		{21FF93A0-6B30-4237-99D4-38847826D3EC}.Release|Any CPU.Build.0 = Release|Any CPU
	EndGlobalSection
	GlobalSection(SolutionProperties) = preSolution
		HideSolutionNode = FALSE
	EndGlobalSection
EndGlobal
