
Microsoft Visual Studio Solution File, Format Version 12.00
# Visual Studio 14
VisualStudioVersion = 14.0.23107.0
MinimumVisualStudioVersion = 10.0.40219.1
Project("{FAE04EC0-301F-11D3-BF4B-00C04F79EFBC}") = "Examen", "Examen\Examen.csproj", "{FF9DB268-6FBE-4755-9774-51345BC9CC0D}"
EndProject
Project("{FAE04EC0-301F-11D3-BF4B-00C04F79EFBC}") = "Ejercicio 3", "Ejercicio 3\Ejercicio 3.csproj", "{F3104B21-DF9C-4EC4-8F97-3ACA3C633230}"
EndProject
Global
	GlobalSection(SolutionConfigurationPlatforms) = preSolution
		Debug|Any CPU = Debug|Any CPU
		Release|Any CPU = Release|Any CPU
	EndGlobalSection
	GlobalSection(ProjectConfigurationPlatforms) = postSolution
		{FF9DB268-6FBE-4755-9774-51345BC9CC0D}.Debug|Any CPU.ActiveCfg = Debug|Any CPU
		{FF9DB268-6FBE-4755-9774-51345BC9CC0D}.Debug|Any CPU.Build.0 = Debug|Any CPU
		{FF9DB268-6FBE-4755-9774-51345BC9CC0D}.Release|Any CPU.ActiveCfg = Release|Any CPU
		{FF9DB268-6FBE-4755-9774-51345BC9CC0D}.Release|Any CPU.Build.0 = Release|Any CPU
		{F3104B21-DF9C-4EC4-8F97-3ACA3C633230}.Debug|Any CPU.ActiveCfg = Debug|Any CPU
		{F3104B21-DF9C-4EC4-8F97-3ACA3C633230}.Debug|Any CPU.Build.0 = Debug|Any CPU
		{F3104B21-DF9C-4EC4-8F97-3ACA3C633230}.Release|Any CPU.ActiveCfg = Release|Any CPU
		{F3104B21-DF9C-4EC4-8F97-3ACA3C633230}.Release|Any CPU.Build.0 = Release|Any CPU
	EndGlobalSection
	GlobalSection(SolutionProperties) = preSolution
		HideSolutionNode = FALSE
	EndGlobalSection
EndGlobal
