
Microsoft Visual Studio Solution File, Format Version 12.00
# Visual Studio 14
VisualStudioVersion = 14.0.23107.0
MinimumVisualStudioVersion = 10.0.40219.1
Project("{FAE04EC0-301F-11D3-BF4B-00C04F79EFBC}") = "examenFinal", "examenFinal\examenFinal.csproj", "{A9DD70C7-4232-482F-9358-4CB38A60F021}"
EndProject
Project("{FAE04EC0-301F-11D3-BF4B-00C04F79EFBC}") = "controlR", "..\controlR\controlR.csproj", "{976949CD-08EF-41C6-99CB-166F73077082}"
EndProject
Project("{FAE04EC0-301F-11D3-BF4B-00C04F79EFBC}") = "controlForms", "..\controlForms\controlForms\controlForms.csproj", "{2500BD43-234F-4DB3-A13A-9B2D9AE25A96}"
EndProject
Global
	GlobalSection(SolutionConfigurationPlatforms) = preSolution
		Debug|Any CPU = Debug|Any CPU
		Release|Any CPU = Release|Any CPU
	EndGlobalSection
	GlobalSection(ProjectConfigurationPlatforms) = postSolution
		{A9DD70C7-4232-482F-9358-4CB38A60F021}.Debug|Any CPU.ActiveCfg = Debug|Any CPU
		{A9DD70C7-4232-482F-9358-4CB38A60F021}.Debug|Any CPU.Build.0 = Debug|Any CPU
		{A9DD70C7-4232-482F-9358-4CB38A60F021}.Release|Any CPU.ActiveCfg = Release|Any CPU
		{A9DD70C7-4232-482F-9358-4CB38A60F021}.Release|Any CPU.Build.0 = Release|Any CPU
		{976949CD-08EF-41C6-99CB-166F73077082}.Debug|Any CPU.ActiveCfg = Debug|Any CPU
		{976949CD-08EF-41C6-99CB-166F73077082}.Debug|Any CPU.Build.0 = Debug|Any CPU
		{976949CD-08EF-41C6-99CB-166F73077082}.Release|Any CPU.ActiveCfg = Release|Any CPU
		{976949CD-08EF-41C6-99CB-166F73077082}.Release|Any CPU.Build.0 = Release|Any CPU
		{2500BD43-234F-4DB3-A13A-9B2D9AE25A96}.Debug|Any CPU.ActiveCfg = Debug|Any CPU
		{2500BD43-234F-4DB3-A13A-9B2D9AE25A96}.Debug|Any CPU.Build.0 = Debug|Any CPU
		{2500BD43-234F-4DB3-A13A-9B2D9AE25A96}.Release|Any CPU.ActiveCfg = Release|Any CPU
		{2500BD43-234F-4DB3-A13A-9B2D9AE25A96}.Release|Any CPU.Build.0 = Release|Any CPU
	EndGlobalSection
	GlobalSection(SolutionProperties) = preSolution
		HideSolutionNode = FALSE
	EndGlobalSection
EndGlobal
